
Microsoft Visual Studio Solution File, Format Version 12.00
# Visual Studio Version 16
VisualStudioVersion = 16.0.29318.209
MinimumVisualStudioVersion = 10.0.40219.1
Project("{FAE04EC0-301F-11D3-BF4B-00C04F79EFBC}") = "dotnetcore31function", "dotnetcore31function.csproj", "{782B92C1-C56A-48C9-AB8F-E8B29B8459DC}"
EndProject
Global
	GlobalSection(SolutionConfigurationPlatforms) = preSolution
		Debug|Any CPU = Debug|Any CPU
		Release|Any CPU = Release|Any CPU
	EndGlobalSection
	GlobalSection(ProjectConfigurationPlatforms) = postSolution
		{782B92C1-C56A-48C9-AB8F-E8B29B8459DC}.Debug|Any CPU.ActiveCfg = Debug|Any CPU
		{782B92C1-C56A-48C9-AB8F-E8B29B8459DC}.Debug|Any CPU.Build.0 = Debug|Any CPU
		{782B92C1-C56A-48C9-AB8F-E8B29B8459DC}.Release|Any CPU.ActiveCfg = Release|Any CPU
		{782B92C1-C56A-48C9-AB8F-E8B29B8459DC}.Release|Any CPU.Build.0 = Release|Any CPU
	EndGlobalSection
	GlobalSection(SolutionProperties) = preSolution
		HideSolutionNode = FALSE
	EndGlobalSection
	GlobalSection(ExtensibilityGlobals) = postSolution
		SolutionGuid = {1D6CF5AB-746A-4A21-B3C1-8E35BF9048A4}
	EndGlobalSection
EndGlobal
